// !$*UTF8*$!
{
	archiveVersion = 1;
	classes = {
	};
	objectVersion = 56;
	objects = {

/* Begin PBXBuildFile section */
		DF69FAD42B5A7975002CA436 /* ProjetSwiftUIApp.swift in Sources */ = {isa = PBXBuildFile; fileRef = DF69FAD32B5A7975002CA436 /* ProjetSwiftUIApp.swift */; };
		DF69FAD62B5A7975002CA436 /* ContentView.swift in Sources */ = {isa = PBXBuildFile; fileRef = DF69FAD52B5A7975002CA436 /* ContentView.swift */; };
		DF69FAD82B5A7977002CA436 /* Assets.xcassets in Resources */ = {isa = PBXBuildFile; fileRef = DF69FAD72B5A7977002CA436 /* Assets.xcassets */; };
		DF69FADB2B5A7977002CA436 /* Preview Assets.xcassets in Resources */ = {isa = PBXBuildFile; fileRef = DF69FADA2B5A7977002CA436 /* Preview Assets.xcassets */; };
		DF69FAE52B5A7977002CA436 /* ProjetSwiftUITests.swift in Sources */ = {isa = PBXBuildFile; fileRef = DF69FAE42B5A7977002CA436 /* ProjetSwiftUITests.swift */; };
		DF69FAEF2B5A7978002CA436 /* ProjetSwiftUIUITests.swift in Sources */ = {isa = PBXBuildFile; fileRef = DF69FAEE2B5A7978002CA436 /* ProjetSwiftUIUITests.swift */; };
		DF69FAF12B5A7978002CA436 /* ProjetSwiftUIUITestsLaunchTests.swift in Sources */ = {isa = PBXBuildFile; fileRef = DF69FAF02B5A7978002CA436 /* ProjetSwiftUIUITestsLaunchTests.swift */; };
/* End PBXBuildFile section */

/* Begin PBXContainerItemProxy section */
		DF69FAE12B5A7977002CA436 /* PBXContainerItemProxy */ = {
			isa = PBXContainerItemProxy;
			containerPortal = DF69FAC82B5A7975002CA436 /* Project object */;
			proxyType = 1;
			remoteGlobalIDString = DF69FACF2B5A7975002CA436;
			remoteInfo = ProjetSwiftUI;
		};
		DF69FAEB2B5A7978002CA436 /* PBXContainerItemProxy */ = {
			isa = PBXContainerItemProxy;
			containerPortal = DF69FAC82B5A7975002CA436 /* Project object */;
			proxyType = 1;
			remoteGlobalIDString = DF69FACF2B5A7975002CA436;
			remoteInfo = ProjetSwiftUI;
		};
/* End PBXContainerItemProxy section */

/* Begin PBXFileReference section */
		DF69FAD02B5A7975002CA436 /* ProjetSwiftUI.app */ = {isa = PBXFileReference; explicitFileType = wrapper.application; includeInIndex = 0; path = ProjetSwiftUI.app; sourceTree = BUILT_PRODUCTS_DIR; };
		DF69FAD32B5A7975002CA436 /* ProjetSwiftUIApp.swift */ = {isa = PBXFileReference; lastKnownFileType = sourcecode.swift; path = ProjetSwiftUIApp.swift; sourceTree = "<group>"; };
		DF69FAD52B5A7975002CA436 /* ContentView.swift */ = {isa = PBXFileReference; lastKnownFileType = sourcecode.swift; path = ContentView.swift; sourceTree = "<group>"; };
		DF69FAD72B5A7977002CA436 /* Assets.xcassets */ = {isa = PBXFileReference; lastKnownFileType = folder.assetcatalog; path = Assets.xcassets; sourceTree = "<group>"; };
		DF69FADA2B5A7977002CA436 /* Preview Assets.xcassets */ = {isa = PBXFileReference; lastKnownFileType = folder.assetcatalog; path = "Preview Assets.xcassets"; sourceTree = "<group>"; };
		DF69FAE02B5A7977002CA436 /* ProjetSwiftUITests.xctest */ = {isa = PBXFileReference; explicitFileType = wrapper.cfbundle; includeInIndex = 0; path = ProjetSwiftUITests.xctest; sourceTree = BUILT_PRODUCTS_DIR; };
		DF69FAE42B5A7977002CA436 /* ProjetSwiftUITests.swift */ = {isa = PBXFileReference; lastKnownFileType = sourcecode.swift; path = ProjetSwiftUITests.swift; sourceTree = "<group>"; };
		DF69FAEA2B5A7978002CA436 /* ProjetSwiftUIUITests.xctest */ = {isa = PBXFileReference; explicitFileType = wrapper.cfbundle; includeInIndex = 0; path = ProjetSwiftUIUITests.xctest; sourceTree = BUILT_PRODUCTS_DIR; };
		DF69FAEE2B5A7978002CA436 /* ProjetSwiftUIUITests.swift */ = {isa = PBXFileReference; lastKnownFileType = sourcecode.swift; path = ProjetSwiftUIUITests.swift; sourceTree = "<group>"; };
		DF69FAF02B5A7978002CA436 /* ProjetSwiftUIUITestsLaunchTests.swift */ = {isa = PBXFileReference; lastKnownFileType = sourcecode.swift; path = ProjetSwiftUIUITestsLaunchTests.swift; sourceTree = "<group>"; };
/* End PBXFileReference section */

/* Begin PBXFrameworksBuildPhase section */
		DF69FACD2B5A7975002CA436 /* Frameworks */ = {
			isa = PBXFrameworksBuildPhase;
			buildActionMask = 2147483647;
			files = (
			);
			runOnlyForDeploymentPostprocessing = 0;
		};
		DF69FADD2B5A7977002CA436 /* Frameworks */ = {
			isa = PBXFrameworksBuildPhase;
			buildActionMask = 2147483647;
			files = (
			);
			runOnlyForDeploymentPostprocessing = 0;
		};
		DF69FAE72B5A7978002CA436 /* Frameworks */ = {
			isa = PBXFrameworksBuildPhase;
			buildActionMask = 2147483647;
			files = (
			);
			runOnlyForDeploymentPostprocessing = 0;
		};
/* End PBXFrameworksBuildPhase section */

/* Begin PBXGroup section */
		DF69FAC72B5A7975002CA436 = {
			isa = PBXGroup;
			children = (
				DF69FAD22B5A7975002CA436 /* ProjetSwiftUI */,
				DF69FAE32B5A7977002CA436 /* ProjetSwiftUITests */,
				DF69FAED2B5A7978002CA436 /* ProjetSwiftUIUITests */,
				DF69FAD12B5A7975002CA436 /* Products */,
			);
			sourceTree = "<group>";
		};
		DF69FAD12B5A7975002CA436 /* Products */ = {
			isa = PBXGroup;
			children = (
				DF69FAD02B5A7975002CA436 /* ProjetSwiftUI.app */,
				DF69FAE02B5A7977002CA436 /* ProjetSwiftUITests.xctest */,
				DF69FAEA2B5A7978002CA436 /* ProjetSwiftUIUITests.xctest */,
			);
			name = Products;
			sourceTree = "<group>";
		};
		DF69FAD22B5A7975002CA436 /* ProjetSwiftUI */ = {
			isa = PBXGroup;
			children = (
				DF69FAD32B5A7975002CA436 /* ProjetSwiftUIApp.swift */,
				DF69FAD52B5A7975002CA436 /* ContentView.swift */,
				DF69FAD72B5A7977002CA436 /* Assets.xcassets */,
				DF69FAD92B5A7977002CA436 /* Preview Content */,
			);
			path = ProjetSwiftUI;
			sourceTree = "<group>";
		};
		DF69FAD92B5A7977002CA436 /* Preview Content */ = {
			isa = PBXGroup;
			children = (
				DF69FADA2B5A7977002CA436 /* Preview Assets.xcassets */,
			);
			path = "Preview Content";
			sourceTree = "<group>";
		};
		DF69FAE32B5A7977002CA436 /* ProjetSwiftUITests */ = {
			isa = PBXGroup;
			children = (
				DF69FAE42B5A7977002CA436 /* ProjetSwiftUITests.swift */,
			);
			path = ProjetSwiftUITests;
			sourceTree = "<group>";
		};
		DF69FAED2B5A7978002CA436 /* ProjetSwiftUIUITests */ = {
			isa = PBXGroup;
			children = (
				DF69FAEE2B5A7978002CA436 /* ProjetSwiftUIUITests.swift */,
				DF69FAF02B5A7978002CA436 /* ProjetSwiftUIUITestsLaunchTests.swift */,
			);
			path = ProjetSwiftUIUITests;
			sourceTree = "<group>";
		};
/* End PBXGroup section */

/* Begin PBXNativeTarget section */
		DF69FACF2B5A7975002CA436 /* ProjetSwiftUI */ = {
			isa = PBXNativeTarget;
			buildConfigurationList = DF69FAF42B5A7978002CA436 /* Build configuration list for PBXNativeTarget "ProjetSwiftUI" */;
			buildPhases = (
				DF69FACC2B5A7975002CA436 /* Sources */,
				DF69FACD2B5A7975002CA436 /* Frameworks */,
				DF69FACE2B5A7975002CA436 /* Resources */,
			);
			buildRules = (
			);
			dependencies = (
			);
			name = ProjetSwiftUI;
			productName = ProjetSwiftUI;
			productReference = DF69FAD02B5A7975002CA436 /* ProjetSwiftUI.app */;
			productType = "com.apple.product-type.application";
		};
		DF69FADF2B5A7977002CA436 /* ProjetSwiftUITests */ = {
			isa = PBXNativeTarget;
			buildConfigurationList = DF69FAF72B5A7978002CA436 /* Build configuration list for PBXNativeTarget "ProjetSwiftUITests" */;
			buildPhases = (
				DF69FADC2B5A7977002CA436 /* Sources */,
				DF69FADD2B5A7977002CA436 /* Frameworks */,
				DF69FADE2B5A7977002CA436 /* Resources */,
			);
			buildRules = (
			);
			dependencies = (
				DF69FAE22B5A7977002CA436 /* PBXTargetDependency */,
			);
			name = ProjetSwiftUITests;
			productName = ProjetSwiftUITests;
			productReference = DF69FAE02B5A7977002CA436 /* ProjetSwiftUITests.xctest */;
			productType = "com.apple.product-type.bundle.unit-test";
		};
		DF69FAE92B5A7978002CA436 /* ProjetSwiftUIUITests */ = {
			isa = PBXNativeTarget;
			buildConfigurationList = DF69FAFA2B5A7978002CA436 /* Build configuration list for PBXNativeTarget "ProjetSwiftUIUITests" */;
			buildPhases = (
				DF69FAE62B5A7978002CA436 /* Sources */,
				DF69FAE72B5A7978002CA436 /* Frameworks */,
				DF69FAE82B5A7978002CA436 /* Resources */,
			);
			buildRules = (
			);
			dependencies = (
				DF69FAEC2B5A7978002CA436 /* PBXTargetDependency */,
			);
			name = ProjetSwiftUIUITests;
			productName = ProjetSwiftUIUITests;
			productReference = DF69FAEA2B5A7978002CA436 /* ProjetSwiftUIUITests.xctest */;
			productType = "com.apple.product-type.bundle.ui-testing";
		};
/* End PBXNativeTarget section */

/* Begin PBXProject section */
		DF69FAC82B5A7975002CA436 /* Project object */ = {
			isa = PBXProject;
			attributes = {
				BuildIndependentTargetsInParallel = 1;
				LastSwiftUpdateCheck = 1500;
				LastUpgradeCheck = 1500;
				TargetAttributes = {
					DF69FACF2B5A7975002CA436 = {
						CreatedOnToolsVersion = 15.0.1;
					};
					DF69FADF2B5A7977002CA436 = {
						CreatedOnToolsVersion = 15.0.1;
						TestTargetID = DF69FACF2B5A7975002CA436;
					};
					DF69FAE92B5A7978002CA436 = {
						CreatedOnToolsVersion = 15.0.1;
						TestTargetID = DF69FACF2B5A7975002CA436;
					};
				};
			};
			buildConfigurationList = DF69FACB2B5A7975002CA436 /* Build configuration list for PBXProject "ProjetSwiftUI" */;
			compatibilityVersion = "Xcode 14.0";
			developmentRegion = en;
			hasScannedForEncodings = 0;
			knownRegions = (
				en,
				Base,
			);
			mainGroup = DF69FAC72B5A7975002CA436;
			productRefGroup = DF69FAD12B5A7975002CA436 /* Products */;
			projectDirPath = "";
			projectRoot = "";
			targets = (
				DF69FACF2B5A7975002CA436 /* ProjetSwiftUI */,
				DF69FADF2B5A7977002CA436 /* ProjetSwiftUITests */,
				DF69FAE92B5A7978002CA436 /* ProjetSwiftUIUITests */,
			);
		};
/* End PBXProject section */

/* Begin PBXResourcesBuildPhase section */
		DF69FACE2B5A7975002CA436 /* Resources */ = {
			isa = PBXResourcesBuildPhase;
			buildActionMask = 2147483647;
			files = (
				DF69FADB2B5A7977002CA436 /* Preview Assets.xcassets in Resources */,
				DF69FAD82B5A7977002CA436 /* Assets.xcassets in Resources */,
			);
			runOnlyForDeploymentPostprocessing = 0;
		};
		DF69FADE2B5A7977002CA436 /* Resources */ = {
			isa = PBXResourcesBuildPhase;
			buildActionMask = 2147483647;
			files = (
			);
			runOnlyForDeploymentPostprocessing = 0;
		};
		DF69FAE82B5A7978002CA436 /* Resources */ = {
			isa = PBXResourcesBuildPhase;
			buildActionMask = 2147483647;
			files = (
			);
			runOnlyForDeploymentPostprocessing = 0;
		};
/* End PBXResourcesBuildPhase section */

/* Begin PBXSourcesBuildPhase section */
		DF69FACC2B5A7975002CA436 /* Sources */ = {
			isa = PBXSourcesBuildPhase;
			buildActionMask = 2147483647;
			files = (
				DF69FAD62B5A7975002CA436 /* ContentView.swift in Sources */,
				DF69FAD42B5A7975002CA436 /* ProjetSwiftUIApp.swift in Sources */,
			);
			runOnlyForDeploymentPostprocessing = 0;
		};
		DF69FADC2B5A7977002CA436 /* Sources */ = {
			isa = PBXSourcesBuildPhase;
			buildActionMask = 2147483647;
			files = (
				DF69FAE52B5A7977002CA436 /* ProjetSwiftUITests.swift in Sources */,
			);
			runOnlyForDeploymentPostprocessing = 0;
		};
		DF69FAE62B5A7978002CA436 /* Sources */ = {
			isa = PBXSourcesBuildPhase;
			buildActionMask = 2147483647;
			files = (
				DF69FAF12B5A7978002CA436 /* ProjetSwiftUIUITestsLaunchTests.swift in Sources */,
				DF69FAEF2B5A7978002CA436 /* ProjetSwiftUIUITests.swift in Sources */,
			);
			runOnlyForDeploymentPostprocessing = 0;
		};
/* End PBXSourcesBuildPhase section */

/* Begin PBXTargetDependency section */
		DF69FAE22B5A7977002CA436 /* PBXTargetDependency */ = {
			isa = PBXTargetDependency;
			target = DF69FACF2B5A7975002CA436 /* ProjetSwiftUI */;
			targetProxy = DF69FAE12B5A7977002CA436 /* PBXContainerItemProxy */;
		};
		DF69FAEC2B5A7978002CA436 /* PBXTargetDependency */ = {
			isa = PBXTargetDependency;
			target = DF69FACF2B5A7975002CA436 /* ProjetSwiftUI */;
			targetProxy = DF69FAEB2B5A7978002CA436 /* PBXContainerItemProxy */;
		};
/* End PBXTargetDependency section */

/* Begin XCBuildConfiguration section */
		DF69FAF22B5A7978002CA436 /* Debug */ = {
			isa = XCBuildConfiguration;
			buildSettings = {
				ALWAYS_SEARCH_USER_PATHS = NO;
				ASSETCATALOG_COMPILER_GENERATE_SWIFT_ASSET_SYMBOL_EXTENSIONS = YES;
				CLANG_ANALYZER_NONNULL = YES;
				CLANG_ANALYZER_NUMBER_OBJECT_CONVERSION = YES_AGGRESSIVE;
				CLANG_CXX_LANGUAGE_STANDARD = "gnu++20";
				CLANG_ENABLE_MODULES = YES;
				CLANG_ENABLE_OBJC_ARC = YES;
				CLANG_ENABLE_OBJC_WEAK = YES;
				CLANG_WARN_BLOCK_CAPTURE_AUTORELEASING = YES;
				CLANG_WARN_BOOL_CONVERSION = YES;
				CLANG_WARN_COMMA = YES;
				CLANG_WARN_CONSTANT_CONVERSION = YES;
				CLANG_WARN_DEPRECATED_OBJC_IMPLEMENTATIONS = YES;
				CLANG_WARN_DIRECT_OBJC_ISA_USAGE = YES_ERROR;
				CLANG_WARN_DOCUMENTATION_COMMENTS = YES;
				CLANG_WARN_EMPTY_BODY = YES;
				CLANG_WARN_ENUM_CONVERSION = YES;
				CLANG_WARN_INFINITE_RECURSION = YES;
				CLANG_WARN_INT_CONVERSION = YES;
				CLANG_WARN_NON_LITERAL_NULL_CONVERSION = YES;
				CLANG_WARN_OBJC_IMPLICIT_RETAIN_SELF = YES;
				CLANG_WARN_OBJC_LITERAL_CONVERSION = YES;
				CLANG_WARN_OBJC_ROOT_CLASS = YES_ERROR;
				CLANG_WARN_QUOTED_INCLUDE_IN_FRAMEWORK_HEADER = YES;
				CLANG_WARN_RANGE_LOOP_ANALYSIS = YES;
				CLANG_WARN_STRICT_PROTOTYPES = YES;
				CLANG_WARN_SUSPICIOUS_MOVE = YES;
				CLANG_WARN_UNGUARDED_AVAILABILITY = YES_AGGRESSIVE;
				CLANG_WARN_UNREACHABLE_CODE = YES;
				CLANG_WARN__DUPLICATE_METHOD_MATCH = YES;
				COPY_PHASE_STRIP = NO;
				DEBUG_INFORMATION_FORMAT = dwarf;
				ENABLE_STRICT_OBJC_MSGSEND = YES;
				ENABLE_TESTABILITY = YES;
				ENABLE_USER_SCRIPT_SANDBOXING = YES;
				GCC_C_LANGUAGE_STANDARD = gnu17;
				GCC_DYNAMIC_NO_PIC = NO;
				GCC_NO_COMMON_BLOCKS = YES;
				GCC_OPTIMIZATION_LEVEL = 0;
				GCC_PREPROCESSOR_DEFINITIONS = (
					"DEBUG=1",
					"$(inherited)",
				);
				GCC_WARN_64_TO_32_BIT_CONVERSION = YES;
				GCC_WARN_ABOUT_RETURN_TYPE = YES_ERROR;
				GCC_WARN_UNDECLARED_SELECTOR = YES;
				GCC_WARN_UNINITIALIZED_AUTOS = YES_AGGRESSIVE;
				GCC_WARN_UNUSED_FUNCTION = YES;
				GCC_WARN_UNUSED_VARIABLE = YES;
				IPHONEOS_DEPLOYMENT_TARGET = 17.0;
				LOCALIZATION_PREFERS_STRING_CATALOGS = YES;
				MTL_ENABLE_DEBUG_INFO = INCLUDE_SOURCE;
				MTL_FAST_MATH = YES;
				ONLY_ACTIVE_ARCH = YES;
				SDKROOT = iphoneos;
				SWIFT_ACTIVE_COMPILATION_CONDITIONS = "DEBUG $(inherited)";
				SWIFT_OPTIMIZATION_LEVEL = "-Onone";
			};
			name = Debug;
		};
		DF69FAF32B5A7978002CA436 /* Release */ = {
			isa = XCBuildConfiguration;
			buildSettings = {
				ALWAYS_SEARCH_USER_PATHS = NO;
				ASSETCATALOG_COMPILER_GENERATE_SWIFT_ASSET_SYMBOL_EXTENSIONS = YES;
				CLANG_ANALYZER_NONNULL = YES;
				CLANG_ANALYZER_NUMBER_OBJECT_CONVERSION = YES_AGGRESSIVE;
				CLANG_CXX_LANGUAGE_STANDARD = "gnu++20";
				CLANG_ENABLE_MODULES = YES;
				CLANG_ENABLE_OBJC_ARC = YES;
				CLANG_ENABLE_OBJC_WEAK = YES;
				CLANG_WARN_BLOCK_CAPTURE_AUTORELEASING = YES;
				CLANG_WARN_BOOL_CONVERSION = YES;
				CLANG_WARN_COMMA = YES;
				CLANG_WARN_CONSTANT_CONVERSION = YES;
				CLANG_WARN_DEPRECATED_OBJC_IMPLEMENTATIONS = YES;
				CLANG_WARN_DIRECT_OBJC_ISA_USAGE = YES_ERROR;
				CLANG_WARN_DOCUMENTATION_COMMENTS = YES;
				CLANG_WARN_EMPTY_BODY = YES;
				CLANG_WARN_ENUM_CONVERSION = YES;
				CLANG_WARN_INFINITE_RECURSION = YES;
				CLANG_WARN_INT_CONVERSION = YES;
				CLANG_WARN_NON_LITERAL_NULL_CONVERSION = YES;
				CLANG_WARN_OBJC_IMPLICIT_RETAIN_SELF = YES;
				CLANG_WARN_OBJC_LITERAL_CONVERSION = YES;
				CLANG_WARN_OBJC_ROOT_CLASS = YES_ERROR;
				CLANG_WARN_QUOTED_INCLUDE_IN_FRAMEWORK_HEADER = YES;
				CLANG_WARN_RANGE_LOOP_ANALYSIS = YES;
				CLANG_WARN_STRICT_PROTOTYPES = YES;
				CLANG_WARN_SUSPICIOUS_MOVE = YES;
				CLANG_WARN_UNGUARDED_AVAILABILITY = YES_AGGRESSIVE;
				CLANG_WARN_UNREACHABLE_CODE = YES;
				CLANG_WARN__DUPLICATE_METHOD_MATCH = YES;
				COPY_PHASE_STRIP = NO;
				DEBUG_INFORMATION_FORMAT = "dwarf-with-dsym";
				ENABLE_NS_ASSERTIONS = NO;
				ENABLE_STRICT_OBJC_MSGSEND = YES;
				ENABLE_USER_SCRIPT_SANDBOXING = YES;
				GCC_C_LANGUAGE_STANDARD = gnu17;
				GCC_NO_COMMON_BLOCKS = YES;
				GCC_WARN_64_TO_32_BIT_CONVERSION = YES;
				GCC_WARN_ABOUT_RETURN_TYPE = YES_ERROR;
				GCC_WARN_UNDECLARED_SELECTOR = YES;
				GCC_WARN_UNINITIALIZED_AUTOS = YES_AGGRESSIVE;
				GCC_WARN_UNUSED_FUNCTION = YES;
				GCC_WARN_UNUSED_VARIABLE = YES;
				IPHONEOS_DEPLOYMENT_TARGET = 17.0;
				LOCALIZATION_PREFERS_STRING_CATALOGS = YES;
				MTL_ENABLE_DEBUG_INFO = NO;
				MTL_FAST_MATH = YES;
				SDKROOT = iphoneos;
				SWIFT_COMPILATION_MODE = wholemodule;
				VALIDATE_PRODUCT = YES;
			};
			name = Release;
		};
		DF69FAF52B5A7978002CA436 /* Debug */ = {
			isa = XCBuildConfiguration;
			buildSettings = {
				ASSETCATALOG_COMPILER_APPICON_NAME = AppIcon;
				ASSETCATALOG_COMPILER_GLOBAL_ACCENT_COLOR_NAME = AccentColor;
				CODE_SIGN_STYLE = Automatic;
				CURRENT_PROJECT_VERSION = 1;
				DEVELOPMENT_ASSET_PATHS = "\"ProjetSwiftUI/Preview Content\"";
				ENABLE_PREVIEWS = YES;
				GENERATE_INFOPLIST_FILE = YES;
				INFOPLIST_KEY_UIApplicationSceneManifest_Generation = YES;
				INFOPLIST_KEY_UIApplicationSupportsIndirectInputEvents = YES;
				INFOPLIST_KEY_UILaunchScreen_Generation = YES;
				INFOPLIST_KEY_UISupportedInterfaceOrientations_iPad = "UIInterfaceOrientationPortrait UIInterfaceOrientationPortraitUpsideDown UIInterfaceOrientationLandscapeLeft UIInterfaceOrientationLandscapeRight";
				INFOPLIST_KEY_UISupportedInterfaceOrientations_iPhone = "UIInterfaceOrientationPortrait UIInterfaceOrientationLandscapeLeft UIInterfaceOrientationLandscapeRight";
				LD_RUNPATH_SEARCH_PATHS = (
					"$(inherited)",
					"@executable_path/Frameworks",
				);
				MARKETING_VERSION = 1.0;
				PRODUCT_BUNDLE_IDENTIFIER = iut.ProjetSwiftUI;
				PRODUCT_NAME = "$(TARGET_NAME)";
				SWIFT_EMIT_LOC_STRINGS = YES;
				SWIFT_VERSION = 5.0;
				TARGETED_DEVICE_FAMILY = "1,2";
			};
			name = Debug;
		};
		DF69FAF62B5A7978002CA436 /* Release */ = {
			isa = XCBuildConfiguration;
			buildSettings = {
				ASSETCATALOG_COMPILER_APPICON_NAME = AppIcon;
				ASSETCATALOG_COMPILER_GLOBAL_ACCENT_COLOR_NAME = AccentColor;
				CODE_SIGN_STYLE = Automatic;
				CURRENT_PROJECT_VERSION = 1;
				DEVELOPMENT_ASSET_PATHS = "\"ProjetSwiftUI/Preview Content\"";
				ENABLE_PREVIEWS = YES;
				GENERATE_INFOPLIST_FILE = YES;
				INFOPLIST_KEY_UIApplicationSceneManifest_Generation = YES;
				INFOPLIST_KEY_UIApplicationSupportsIndirectInputEvents = YES;
				INFOPLIST_KEY_UILaunchScreen_Generation = YES;
				INFOPLIST_KEY_UISupportedInterfaceOrientations_iPad = "UIInterfaceOrientationPortrait UIInterfaceOrientationPortraitUpsideDown UIInterfaceOrientationLandscapeLeft UIInterfaceOrientationLandscapeRight";
				INFOPLIST_KEY_UISupportedInterfaceOrientations_iPhone = "UIInterfaceOrientationPortrait UIInterfaceOrientationLandscapeLeft UIInterfaceOrientationLandscapeRight";
				LD_RUNPATH_SEARCH_PATHS = (
					"$(inherited)",
					"@executable_path/Frameworks",
				);
				MARKETING_VERSION = 1.0;
				PRODUCT_BUNDLE_IDENTIFIER = iut.ProjetSwiftUI;
				PRODUCT_NAME = "$(TARGET_NAME)";
				SWIFT_EMIT_LOC_STRINGS = YES;
				SWIFT_VERSION = 5.0;
				TARGETED_DEVICE_FAMILY = "1,2";
			};
			name = Release;
		};
		DF69FAF82B5A7978002CA436 /* Debug */ = {
			isa = XCBuildConfiguration;
			buildSettings = {
				ALWAYS_EMBED_SWIFT_STANDARD_LIBRARIES = YES;
				BUNDLE_LOADER = "$(TEST_HOST)";
				CODE_SIGN_STYLE = Automatic;
				CURRENT_PROJECT_VERSION = 1;
				GENERATE_INFOPLIST_FILE = YES;
				IPHONEOS_DEPLOYMENT_TARGET = 17.0;
				MARKETING_VERSION = 1.0;
				PRODUCT_BUNDLE_IDENTIFIER = iut.ProjetSwiftUITests;
				PRODUCT_NAME = "$(TARGET_NAME)";
				SWIFT_EMIT_LOC_STRINGS = NO;
				SWIFT_VERSION = 5.0;
				TARGETED_DEVICE_FAMILY = "1,2";
				TEST_HOST = "$(BUILT_PRODUCTS_DIR)/ProjetSwiftUI.app/$(BUNDLE_EXECUTABLE_FOLDER_PATH)/ProjetSwiftUI";
			};
			name = Debug;
		};
		DF69FAF92B5A7978002CA436 /* Release */ = {
			isa = XCBuildConfiguration;
			buildSettings = {
				ALWAYS_EMBED_SWIFT_STANDARD_LIBRARIES = YES;
				BUNDLE_LOADER = "$(TEST_HOST)";
				CODE_SIGN_STYLE = Automatic;
				CURRENT_PROJECT_VERSION = 1;
				GENERATE_INFOPLIST_FILE = YES;
				IPHONEOS_DEPLOYMENT_TARGET = 17.0;
				MARKETING_VERSION = 1.0;
				PRODUCT_BUNDLE_IDENTIFIER = iut.ProjetSwiftUITests;
				PRODUCT_NAME = "$(TARGET_NAME)";
				SWIFT_EMIT_LOC_STRINGS = NO;
				SWIFT_VERSION = 5.0;
				TARGETED_DEVICE_FAMILY = "1,2";
				TEST_HOST = "$(BUILT_PRODUCTS_DIR)/ProjetSwiftUI.app/$(BUNDLE_EXECUTABLE_FOLDER_PATH)/ProjetSwiftUI";
			};
			name = Release;
		};
		DF69FAFB2B5A7978002CA436 /* Debug */ = {
			isa = XCBuildConfiguration;
			buildSettings = {
				ALWAYS_EMBED_SWIFT_STANDARD_LIBRARIES = YES;
				CODE_SIGN_STYLE = Automatic;
				CURRENT_PROJECT_VERSION = 1;
				GENERATE_INFOPLIST_FILE = YES;
				MARKETING_VERSION = 1.0;
				PRODUCT_BUNDLE_IDENTIFIER = iut.ProjetSwiftUIUITests;
				PRODUCT_NAME = "$(TARGET_NAME)";
				SWIFT_EMIT_LOC_STRINGS = NO;
				SWIFT_VERSION = 5.0;
				TARGETED_DEVICE_FAMILY = "1,2";
				TEST_TARGET_NAME = ProjetSwiftUI;
			};
			name = Debug;
		};
		DF69FAFC2B5A7978002CA436 /* Release */ = {
			isa = XCBuildConfiguration;
			buildSettings = {
				ALWAYS_EMBED_SWIFT_STANDARD_LIBRARIES = YES;
				CODE_SIGN_STYLE = Automatic;
				CURRENT_PROJECT_VERSION = 1;
				GENERATE_INFOPLIST_FILE = YES;
				MARKETING_VERSION = 1.0;
				PRODUCT_BUNDLE_IDENTIFIER = iut.ProjetSwiftUIUITests;
				PRODUCT_NAME = "$(TARGET_NAME)";
				SWIFT_EMIT_LOC_STRINGS = NO;
				SWIFT_VERSION = 5.0;
				TARGETED_DEVICE_FAMILY = "1,2";
				TEST_TARGET_NAME = ProjetSwiftUI;
			};
			name = Release;
		};
/* End XCBuildConfiguration section */

/* Begin XCConfigurationList section */
		DF69FACB2B5A7975002CA436 /* Build configuration list for PBXProject "ProjetSwiftUI" */ = {
			isa = XCConfigurationList;
			buildConfigurations = (
				DF69FAF22B5A7978002CA436 /* Debug */,
				DF69FAF32B5A7978002CA436 /* Release */,
			);
			defaultConfigurationIsVisible = 0;
			defaultConfigurationName = Release;
		};
		DF69FAF42B5A7978002CA436 /* Build configuration list for PBXNativeTarget "ProjetSwiftUI" */ = {
			isa = XCConfigurationList;
			buildConfigurations = (
				DF69FAF52B5A7978002CA436 /* Debug */,
				DF69FAF62B5A7978002CA436 /* Release */,
			);
			defaultConfigurationIsVisible = 0;
			defaultConfigurationName = Release;
		};
		DF69FAF72B5A7978002CA436 /* Build configuration list for PBXNativeTarget "ProjetSwiftUITests" */ = {
			isa = XCConfigurationList;
			buildConfigurations = (
				DF69FAF82B5A7978002CA436 /* Debug */,
				DF69FAF92B5A7978002CA436 /* Release */,
			);
			defaultConfigurationIsVisible = 0;
			defaultConfigurationName = Release;
		};
		DF69FAFA2B5A7978002CA436 /* Build configuration list for PBXNativeTarget "ProjetSwiftUIUITests" */ = {
			isa = XCConfigurationList;
			buildConfigurations = (
				DF69FAFB2B5A7978002CA436 /* Debug */,
				DF69FAFC2B5A7978002CA436 /* Release */,
			);
			defaultConfigurationIsVisible = 0;
			defaultConfigurationName = Release;
		};
/* End XCConfigurationList section */
	};
	rootObject = DF69FAC82B5A7975002CA436 /* Project object */;
}
